
Microsoft Visual Studio Solution File, Format Version 11.00
# Visual Studio 2010
Project("{FAE04EC0-301F-11D3-BF4B-00C04F79EFBC}") = "wc3watcher", "wc3watcher\wc3watcher.csproj", "{AFBF61F6-9CCE-4302-967E-6616A3A14523}"
EndProject
Global
	GlobalSection(SolutionConfigurationPlatforms) = preSolution
		Debug|x86 = Debug|x86
		Release|x86 = Release|x86
	EndGlobalSection
	GlobalSection(ProjectConfigurationPlatforms) = postSolution
		{AFBF61F6-9CCE-4302-967E-6616A3A14523}.Debug|x86.ActiveCfg = Debug|x86
		{AFBF61F6-9CCE-4302-967E-6616A3A14523}.Debug|x86.Build.0 = Debug|x86
		{AFBF61F6-9CCE-4302-967E-6616A3A14523}.Release|x86.ActiveCfg = Release|x86
		{AFBF61F6-9CCE-4302-967E-6616A3A14523}.Release|x86.Build.0 = Release|x86
	EndGlobalSection
	GlobalSection(SolutionProperties) = preSolution
		HideSolutionNode = FALSE
	EndGlobalSection
EndGlobal
